
Microsoft Visual Studio Solution File, Format Version 12.00
Project("{FAE04EC0-301F-11D3-BF4B-00C04F79EFBC}") = "GirlfriendGPT-API", "GirlfriendGPT-API\GirlfriendGPT-API.csproj", "{8F653B27-5D14-4CBF-BD63-207B69DD999A}"
EndProject
Global
	GlobalSection(SolutionConfigurationPlatforms) = preSolution
		Debug|Any CPU = Debug|Any CPU
		Release|Any CPU = Release|Any CPU
	EndGlobalSection
	GlobalSection(ProjectConfigurationPlatforms) = postSolution
		{8F653B27-5D14-4CBF-BD63-207B69DD999A}.Debug|Any CPU.ActiveCfg = Debug|Any CPU
		{8F653B27-5D14-4CBF-BD63-207B69DD999A}.Debug|Any CPU.Build.0 = Debug|Any CPU
		{8F653B27-5D14-4CBF-BD63-207B69DD999A}.Release|Any CPU.ActiveCfg = Release|Any CPU
		{8F653B27-5D14-4CBF-BD63-207B69DD999A}.Release|Any CPU.Build.0 = Release|Any CPU
	EndGlobalSection
EndGlobal
